// !$*UTF8*$!
{
	archiveVersion = 1;
	classes = {
	};
	objectVersion = 56;
	objects = {

/* Begin PBXBuildFile section */
		CC6A239C29A4B75B0094F8AC /* AppDelegate.swift in Sources */ = {isa = PBXBuildFile; fileRef = CC6A239B29A4B75B0094F8AC /* AppDelegate.swift */; };
		CC6A239E29A4B75B0094F8AC /* SceneDelegate.swift in Sources */ = {isa = PBXBuildFile; fileRef = CC6A239D29A4B75B0094F8AC /* SceneDelegate.swift */; };
		CC6A23A029A4B75B0094F8AC /* ConversationsViewController.swift in Sources */ = {isa = PBXBuildFile; fileRef = CC6A239F29A4B75B0094F8AC /* ConversationsViewController.swift */; };
		CC6A23A329A4B75B0094F8AC /* Main.storyboard in Resources */ = {isa = PBXBuildFile; fileRef = CC6A23A129A4B75B0094F8AC /* Main.storyboard */; };
		CC6A23A529A4B75C0094F8AC /* Assets.xcassets in Resources */ = {isa = PBXBuildFile; fileRef = CC6A23A429A4B75C0094F8AC /* Assets.xcassets */; };
		CC6A23A829A4B75C0094F8AC /* LaunchScreen.storyboard in Resources */ = {isa = PBXBuildFile; fileRef = CC6A23A629A4B75C0094F8AC /* LaunchScreen.storyboard */; };
		CC6A23D629A4C4EA0094F8AC /* LoginViewController.swift in Sources */ = {isa = PBXBuildFile; fileRef = CC6A23D529A4C4EA0094F8AC /* LoginViewController.swift */; };
		CC6A23D829A4C5170094F8AC /* RegisterViewController.swift in Sources */ = {isa = PBXBuildFile; fileRef = CC6A23D729A4C5170094F8AC /* RegisterViewController.swift */; };
		CC6A23DA29A4C5570094F8AC /* PhotoViewerViewController.swift in Sources */ = {isa = PBXBuildFile; fileRef = CC6A23D929A4C5570094F8AC /* PhotoViewerViewController.swift */; };
		CC6A23DC29A4C57B0094F8AC /* VideoPlayerViewController.swift in Sources */ = {isa = PBXBuildFile; fileRef = CC6A23DB29A4C57B0094F8AC /* VideoPlayerViewController.swift */; };
		CC6A23DE29A4C5B90094F8AC /* NewConversationViewController.swift in Sources */ = {isa = PBXBuildFile; fileRef = CC6A23DD29A4C5B90094F8AC /* NewConversationViewController.swift */; };
		CC6A23E029A4C5EF0094F8AC /* ProfileViewController.swift in Sources */ = {isa = PBXBuildFile; fileRef = CC6A23DF29A4C5EF0094F8AC /* ProfileViewController.swift */; };
/* End PBXBuildFile section */

/* Begin PBXFileReference section */
		CC6A239829A4B75B0094F8AC /* PolMessenger.app */ = {isa = PBXFileReference; explicitFileType = wrapper.application; includeInIndex = 0; path = PolMessenger.app; sourceTree = BUILT_PRODUCTS_DIR; };
		CC6A239B29A4B75B0094F8AC /* AppDelegate.swift */ = {isa = PBXFileReference; lastKnownFileType = sourcecode.swift; path = AppDelegate.swift; sourceTree = "<group>"; };
		CC6A239D29A4B75B0094F8AC /* SceneDelegate.swift */ = {isa = PBXFileReference; lastKnownFileType = sourcecode.swift; path = SceneDelegate.swift; sourceTree = "<group>"; };
		CC6A239F29A4B75B0094F8AC /* ConversationsViewController.swift */ = {isa = PBXFileReference; lastKnownFileType = sourcecode.swift; path = ConversationsViewController.swift; sourceTree = "<group>"; };
		CC6A23A229A4B75B0094F8AC /* Base */ = {isa = PBXFileReference; lastKnownFileType = file.storyboard; name = Base; path = Base.lproj/Main.storyboard; sourceTree = "<group>"; };
		CC6A23A429A4B75C0094F8AC /* Assets.xcassets */ = {isa = PBXFileReference; lastKnownFileType = folder.assetcatalog; path = Assets.xcassets; sourceTree = "<group>"; };
		CC6A23A729A4B75C0094F8AC /* Base */ = {isa = PBXFileReference; lastKnownFileType = file.storyboard; name = Base; path = Base.lproj/LaunchScreen.storyboard; sourceTree = "<group>"; };
		CC6A23A929A4B75C0094F8AC /* Info.plist */ = {isa = PBXFileReference; lastKnownFileType = text.plist.xml; path = Info.plist; sourceTree = "<group>"; };
		CC6A23D529A4C4EA0094F8AC /* LoginViewController.swift */ = {isa = PBXFileReference; lastKnownFileType = sourcecode.swift; path = LoginViewController.swift; sourceTree = "<group>"; };
		CC6A23D729A4C5170094F8AC /* RegisterViewController.swift */ = {isa = PBXFileReference; lastKnownFileType = sourcecode.swift; path = RegisterViewController.swift; sourceTree = "<group>"; };
		CC6A23D929A4C5570094F8AC /* PhotoViewerViewController.swift */ = {isa = PBXFileReference; lastKnownFileType = sourcecode.swift; path = PhotoViewerViewController.swift; sourceTree = "<group>"; };
		CC6A23DB29A4C57B0094F8AC /* VideoPlayerViewController.swift */ = {isa = PBXFileReference; lastKnownFileType = sourcecode.swift; path = VideoPlayerViewController.swift; sourceTree = "<group>"; };
		CC6A23DD29A4C5B90094F8AC /* NewConversationViewController.swift */ = {isa = PBXFileReference; lastKnownFileType = sourcecode.swift; path = NewConversationViewController.swift; sourceTree = "<group>"; };
		CC6A23DF29A4C5EF0094F8AC /* ProfileViewController.swift */ = {isa = PBXFileReference; lastKnownFileType = sourcecode.swift; path = ProfileViewController.swift; sourceTree = "<group>"; };
/* End PBXFileReference section */

/* Begin PBXFrameworksBuildPhase section */
		CC6A239529A4B75B0094F8AC /* Frameworks */ = {
			isa = PBXFrameworksBuildPhase;
			buildActionMask = 2147483647;
			files = (
			);
			runOnlyForDeploymentPostprocessing = 0;
		};
/* End PBXFrameworksBuildPhase section */

/* Begin PBXGroup section */
		CC6A238F29A4B75B0094F8AC = {
			isa = PBXGroup;
			children = (
				CC6A239A29A4B75B0094F8AC /* PolMessenger */,
				CC6A239929A4B75B0094F8AC /* Products */,
			);
			sourceTree = "<group>";
		};
		CC6A239929A4B75B0094F8AC /* Products */ = {
			isa = PBXGroup;
			children = (
				CC6A239829A4B75B0094F8AC /* PolMessenger.app */,
			);
			name = Products;
			sourceTree = "<group>";
		};
		CC6A239A29A4B75B0094F8AC /* PolMessenger */ = {
			isa = PBXGroup;
			children = (
				CC6A23D329A4C0E50094F8AC /* Resources */,
				CC6A23D229A4C0D30094F8AC /* ViewModels */,
				CC6A23D129A4C0C00094F8AC /* Views */,
				CC6A23D029A4C0B90094F8AC /* Models */,
				CC6A23CF29A4C0AA0094F8AC /* Controllers */,
				CC6A23A929A4B75C0094F8AC /* Info.plist */,
			);
			path = PolMessenger;
			sourceTree = "<group>";
		};
		CC6A23CF29A4C0AA0094F8AC /* Controllers */ = {
			isa = PBXGroup;
			children = (
				CC6A239F29A4B75B0094F8AC /* ConversationsViewController.swift */,
				CC6A23D529A4C4EA0094F8AC /* LoginViewController.swift */,
				CC6A23D729A4C5170094F8AC /* RegisterViewController.swift */,
				CC6A23D929A4C5570094F8AC /* PhotoViewerViewController.swift */,
				CC6A23DB29A4C57B0094F8AC /* VideoPlayerViewController.swift */,
				CC6A23DD29A4C5B90094F8AC /* NewConversationViewController.swift */,
				CC6A23DF29A4C5EF0094F8AC /* ProfileViewController.swift */,
			);
			path = Controllers;
			sourceTree = "<group>";
		};
		CC6A23D029A4C0B90094F8AC /* Models */ = {
			isa = PBXGroup;
			children = (
			);
			path = Models;
			sourceTree = "<group>";
		};
		CC6A23D129A4C0C00094F8AC /* Views */ = {
			isa = PBXGroup;
			children = (
				CC6A23D429A4C17C0094F8AC /* Storyboards */,
				CC6A23A429A4B75C0094F8AC /* Assets.xcassets */,
			);
			path = Views;
			sourceTree = "<group>";
		};
		CC6A23D229A4C0D30094F8AC /* ViewModels */ = {
			isa = PBXGroup;
			children = (
			);
			path = ViewModels;
			sourceTree = "<group>";
		};
		CC6A23D329A4C0E50094F8AC /* Resources */ = {
			isa = PBXGroup;
			children = (
				CC6A239B29A4B75B0094F8AC /* AppDelegate.swift */,
				CC6A239D29A4B75B0094F8AC /* SceneDelegate.swift */,
			);
			path = Resources;
			sourceTree = "<group>";
		};
		CC6A23D429A4C17C0094F8AC /* Storyboards */ = {
			isa = PBXGroup;
			children = (
				CC6A23A129A4B75B0094F8AC /* Main.storyboard */,
				CC6A23A629A4B75C0094F8AC /* LaunchScreen.storyboard */,
			);
			path = Storyboards;
			sourceTree = "<group>";
		};
/* End PBXGroup section */

/* Begin PBXNativeTarget section */
		CC6A239729A4B75B0094F8AC /* PolMessenger */ = {
			isa = PBXNativeTarget;
			buildConfigurationList = CC6A23AC29A4B75C0094F8AC /* Build configuration list for PBXNativeTarget "PolMessenger" */;
			buildPhases = (
				CC6A239429A4B75B0094F8AC /* Sources */,
				CC6A239529A4B75B0094F8AC /* Frameworks */,
				CC6A239629A4B75B0094F8AC /* Resources */,
			);
			buildRules = (
			);
			dependencies = (
			);
			name = PolMessenger;
			productName = PolMessenger;
			productReference = CC6A239829A4B75B0094F8AC /* PolMessenger.app */;
			productType = "com.apple.product-type.application";
		};
/* End PBXNativeTarget section */

/* Begin PBXProject section */
		CC6A239029A4B75B0094F8AC /* Project object */ = {
			isa = PBXProject;
			attributes = {
				BuildIndependentTargetsInParallel = 1;
				LastSwiftUpdateCheck = 1420;
				LastUpgradeCheck = 1420;
				TargetAttributes = {
					CC6A239729A4B75B0094F8AC = {
						CreatedOnToolsVersion = 14.2;
					};
				};
			};
			buildConfigurationList = CC6A239329A4B75B0094F8AC /* Build configuration list for PBXProject "PolMessenger" */;
			compatibilityVersion = "Xcode 14.0";
			developmentRegion = en;
			hasScannedForEncodings = 0;
			knownRegions = (
				en,
				Base,
			);
			mainGroup = CC6A238F29A4B75B0094F8AC;
			productRefGroup = CC6A239929A4B75B0094F8AC /* Products */;
			projectDirPath = "";
			projectRoot = "";
			targets = (
				CC6A239729A4B75B0094F8AC /* PolMessenger */,
			);
		};
/* End PBXProject section */

/* Begin PBXResourcesBuildPhase section */
		CC6A239629A4B75B0094F8AC /* Resources */ = {
			isa = PBXResourcesBuildPhase;
			buildActionMask = 2147483647;
			files = (
				CC6A23A829A4B75C0094F8AC /* LaunchScreen.storyboard in Resources */,
				CC6A23A529A4B75C0094F8AC /* Assets.xcassets in Resources */,
				CC6A23A329A4B75B0094F8AC /* Main.storyboard in Resources */,
			);
			runOnlyForDeploymentPostprocessing = 0;
		};
/* End PBXResourcesBuildPhase section */

/* Begin PBXSourcesBuildPhase section */
		CC6A239429A4B75B0094F8AC /* Sources */ = {
			isa = PBXSourcesBuildPhase;
			buildActionMask = 2147483647;
			files = (
				CC6A23D629A4C4EA0094F8AC /* LoginViewController.swift in Sources */,
				CC6A23D829A4C5170094F8AC /* RegisterViewController.swift in Sources */,
				CC6A23DE29A4C5B90094F8AC /* NewConversationViewController.swift in Sources */,
				CC6A23A029A4B75B0094F8AC /* ConversationsViewController.swift in Sources */,
				CC6A23DC29A4C57B0094F8AC /* VideoPlayerViewController.swift in Sources */,
				CC6A239C29A4B75B0094F8AC /* AppDelegate.swift in Sources */,
				CC6A23E029A4C5EF0094F8AC /* ProfileViewController.swift in Sources */,
				CC6A239E29A4B75B0094F8AC /* SceneDelegate.swift in Sources */,
				CC6A23DA29A4C5570094F8AC /* PhotoViewerViewController.swift in Sources */,
			);
			runOnlyForDeploymentPostprocessing = 0;
		};
/* End PBXSourcesBuildPhase section */

/* Begin PBXVariantGroup section */
		CC6A23A129A4B75B0094F8AC /* Main.storyboard */ = {
			isa = PBXVariantGroup;
			children = (
				CC6A23A229A4B75B0094F8AC /* Base */,
			);
			name = Main.storyboard;
			sourceTree = "<group>";
		};
		CC6A23A629A4B75C0094F8AC /* LaunchScreen.storyboard */ = {
			isa = PBXVariantGroup;
			children = (
				CC6A23A729A4B75C0094F8AC /* Base */,
			);
			name = LaunchScreen.storyboard;
			sourceTree = "<group>";
		};
/* End PBXVariantGroup section */

/* Begin XCBuildConfiguration section */
		CC6A23AA29A4B75C0094F8AC /* Debug */ = {
			isa = XCBuildConfiguration;
			buildSettings = {
				ALWAYS_SEARCH_USER_PATHS = NO;
				CLANG_ANALYZER_NONNULL = YES;
				CLANG_ANALYZER_NUMBER_OBJECT_CONVERSION = YES_AGGRESSIVE;
				CLANG_CXX_LANGUAGE_STANDARD = "gnu++20";
				CLANG_ENABLE_MODULES = YES;
				CLANG_ENABLE_OBJC_ARC = YES;
				CLANG_ENABLE_OBJC_WEAK = YES;
				CLANG_WARN_BLOCK_CAPTURE_AUTORELEASING = YES;
				CLANG_WARN_BOOL_CONVERSION = YES;
				CLANG_WARN_COMMA = YES;
				CLANG_WARN_CONSTANT_CONVERSION = YES;
				CLANG_WARN_DEPRECATED_OBJC_IMPLEMENTATIONS = YES;
				CLANG_WARN_DIRECT_OBJC_ISA_USAGE = YES_ERROR;
				CLANG_WARN_DOCUMENTATION_COMMENTS = YES;
				CLANG_WARN_EMPTY_BODY = YES;
				CLANG_WARN_ENUM_CONVERSION = YES;
				CLANG_WARN_INFINITE_RECURSION = YES;
				CLANG_WARN_INT_CONVERSION = YES;
				CLANG_WARN_NON_LITERAL_NULL_CONVERSION = YES;
				CLANG_WARN_OBJC_IMPLICIT_RETAIN_SELF = YES;
				CLANG_WARN_OBJC_LITERAL_CONVERSION = YES;
				CLANG_WARN_OBJC_ROOT_CLASS = YES_ERROR;
				CLANG_WARN_QUOTED_INCLUDE_IN_FRAMEWORK_HEADER = YES;
				CLANG_WARN_RANGE_LOOP_ANALYSIS = YES;
				CLANG_WARN_STRICT_PROTOTYPES = YES;
				CLANG_WARN_SUSPICIOUS_MOVE = YES;
				CLANG_WARN_UNGUARDED_AVAILABILITY = YES_AGGRESSIVE;
				CLANG_WARN_UNREACHABLE_CODE = YES;
				CLANG_WARN__DUPLICATE_METHOD_MATCH = YES;
				COPY_PHASE_STRIP = NO;
				DEBUG_INFORMATION_FORMAT = dwarf;
				ENABLE_STRICT_OBJC_MSGSEND = YES;
				ENABLE_TESTABILITY = YES;
				GCC_C_LANGUAGE_STANDARD = gnu11;
				GCC_DYNAMIC_NO_PIC = NO;
				GCC_NO_COMMON_BLOCKS = YES;
				GCC_OPTIMIZATION_LEVEL = 0;
				GCC_PREPROCESSOR_DEFINITIONS = (
					"DEBUG=1",
					"$(inherited)",
				);
				GCC_WARN_64_TO_32_BIT_CONVERSION = YES;
				GCC_WARN_ABOUT_RETURN_TYPE = YES_ERROR;
				GCC_WARN_UNDECLARED_SELECTOR = YES;
				GCC_WARN_UNINITIALIZED_AUTOS = YES_AGGRESSIVE;
				GCC_WARN_UNUSED_FUNCTION = YES;
				GCC_WARN_UNUSED_VARIABLE = YES;
				IPHONEOS_DEPLOYMENT_TARGET = 16.2;
				MTL_ENABLE_DEBUG_INFO = INCLUDE_SOURCE;
				MTL_FAST_MATH = YES;
				ONLY_ACTIVE_ARCH = YES;
				SDKROOT = iphoneos;
				SWIFT_ACTIVE_COMPILATION_CONDITIONS = DEBUG;
				SWIFT_OPTIMIZATION_LEVEL = "-Onone";
			};
			name = Debug;
		};
		CC6A23AB29A4B75C0094F8AC /* Release */ = {
			isa = XCBuildConfiguration;
			buildSettings = {
				ALWAYS_SEARCH_USER_PATHS = NO;
				CLANG_ANALYZER_NONNULL = YES;
				CLANG_ANALYZER_NUMBER_OBJECT_CONVERSION = YES_AGGRESSIVE;
				CLANG_CXX_LANGUAGE_STANDARD = "gnu++20";
				CLANG_ENABLE_MODULES = YES;
				CLANG_ENABLE_OBJC_ARC = YES;
				CLANG_ENABLE_OBJC_WEAK = YES;
				CLANG_WARN_BLOCK_CAPTURE_AUTORELEASING = YES;
				CLANG_WARN_BOOL_CONVERSION = YES;
				CLANG_WARN_COMMA = YES;
				CLANG_WARN_CONSTANT_CONVERSION = YES;
				CLANG_WARN_DEPRECATED_OBJC_IMPLEMENTATIONS = YES;
				CLANG_WARN_DIRECT_OBJC_ISA_USAGE = YES_ERROR;
				CLANG_WARN_DOCUMENTATION_COMMENTS = YES;
				CLANG_WARN_EMPTY_BODY = YES;
				CLANG_WARN_ENUM_CONVERSION = YES;
				CLANG_WARN_INFINITE_RECURSION = YES;
				CLANG_WARN_INT_CONVERSION = YES;
				CLANG_WARN_NON_LITERAL_NULL_CONVERSION = YES;
				CLANG_WARN_OBJC_IMPLICIT_RETAIN_SELF = YES;
				CLANG_WARN_OBJC_LITERAL_CONVERSION = YES;
				CLANG_WARN_OBJC_ROOT_CLASS = YES_ERROR;
				CLANG_WARN_QUOTED_INCLUDE_IN_FRAMEWORK_HEADER = YES;
				CLANG_WARN_RANGE_LOOP_ANALYSIS = YES;
				CLANG_WARN_STRICT_PROTOTYPES = YES;
				CLANG_WARN_SUSPICIOUS_MOVE = YES;
				CLANG_WARN_UNGUARDED_AVAILABILITY = YES_AGGRESSIVE;
				CLANG_WARN_UNREACHABLE_CODE = YES;
				CLANG_WARN__DUPLICATE_METHOD_MATCH = YES;
				COPY_PHASE_STRIP = NO;
				DEBUG_INFORMATION_FORMAT = "dwarf-with-dsym";
				ENABLE_NS_ASSERTIONS = NO;
				ENABLE_STRICT_OBJC_MSGSEND = YES;
				GCC_C_LANGUAGE_STANDARD = gnu11;
				GCC_NO_COMMON_BLOCKS = YES;
				GCC_WARN_64_TO_32_BIT_CONVERSION = YES;
				GCC_WARN_ABOUT_RETURN_TYPE = YES_ERROR;
				GCC_WARN_UNDECLARED_SELECTOR = YES;
				GCC_WARN_UNINITIALIZED_AUTOS = YES_AGGRESSIVE;
				GCC_WARN_UNUSED_FUNCTION = YES;
				GCC_WARN_UNUSED_VARIABLE = YES;
				IPHONEOS_DEPLOYMENT_TARGET = 16.2;
				MTL_ENABLE_DEBUG_INFO = NO;
				MTL_FAST_MATH = YES;
				SDKROOT = iphoneos;
				SWIFT_COMPILATION_MODE = wholemodule;
				SWIFT_OPTIMIZATION_LEVEL = "-O";
				VALIDATE_PRODUCT = YES;
			};
			name = Release;
		};
		CC6A23AD29A4B75C0094F8AC /* Debug */ = {
			isa = XCBuildConfiguration;
			buildSettings = {
				ASSETCATALOG_COMPILER_APPICON_NAME = AppIcon;
				ASSETCATALOG_COMPILER_GLOBAL_ACCENT_COLOR_NAME = AccentColor;
				CODE_SIGN_STYLE = Automatic;
				CURRENT_PROJECT_VERSION = 1;
				DEVELOPMENT_TEAM = WS26NXG635;
				GENERATE_INFOPLIST_FILE = YES;
				INFOPLIST_FILE = PolMessenger/Info.plist;
				INFOPLIST_KEY_UIApplicationSupportsIndirectInputEvents = YES;
				INFOPLIST_KEY_UILaunchStoryboardName = LaunchScreen;
				INFOPLIST_KEY_UIMainStoryboardFile = Main;
				INFOPLIST_KEY_UISupportedInterfaceOrientations = UIInterfaceOrientationPortrait;
				LD_RUNPATH_SEARCH_PATHS = (
					"$(inherited)",
					"@executable_path/Frameworks",
				);
				MARKETING_VERSION = 1.0;
				PRODUCT_BUNDLE_IDENTIFIER = mrx.PolMessenger;
				PRODUCT_NAME = "$(TARGET_NAME)";
				SWIFT_EMIT_LOC_STRINGS = YES;
				SWIFT_VERSION = 5.0;
				TARGETED_DEVICE_FAMILY = "1,2";
			};
			name = Debug;
		};
		CC6A23AE29A4B75C0094F8AC /* Release */ = {
			isa = XCBuildConfiguration;
			buildSettings = {
				ASSETCATALOG_COMPILER_APPICON_NAME = AppIcon;
				ASSETCATALOG_COMPILER_GLOBAL_ACCENT_COLOR_NAME = AccentColor;
				CODE_SIGN_STYLE = Automatic;
				CURRENT_PROJECT_VERSION = 1;
				DEVELOPMENT_TEAM = WS26NXG635;
				GENERATE_INFOPLIST_FILE = YES;
				INFOPLIST_FILE = PolMessenger/Info.plist;
				INFOPLIST_KEY_UIApplicationSupportsIndirectInputEvents = YES;
				INFOPLIST_KEY_UILaunchStoryboardName = LaunchScreen;
				INFOPLIST_KEY_UIMainStoryboardFile = Main;
				INFOPLIST_KEY_UISupportedInterfaceOrientations = UIInterfaceOrientationPortrait;
				LD_RUNPATH_SEARCH_PATHS = (
					"$(inherited)",
					"@executable_path/Frameworks",
				);
				MARKETING_VERSION = 1.0;
				PRODUCT_BUNDLE_IDENTIFIER = mrx.PolMessenger;
				PRODUCT_NAME = "$(TARGET_NAME)";
				SWIFT_EMIT_LOC_STRINGS = YES;
				SWIFT_VERSION = 5.0;
				TARGETED_DEVICE_FAMILY = "1,2";
			};
			name = Release;
		};
/* End XCBuildConfiguration section */

/* Begin XCConfigurationList section */
		CC6A239329A4B75B0094F8AC /* Build configuration list for PBXProject "PolMessenger" */ = {
			isa = XCConfigurationList;
			buildConfigurations = (
				CC6A23AA29A4B75C0094F8AC /* Debug */,
				CC6A23AB29A4B75C0094F8AC /* Release */,
			);
			defaultConfigurationIsVisible = 0;
			defaultConfigurationName = Release;
		};
		CC6A23AC29A4B75C0094F8AC /* Build configuration list for PBXNativeTarget "PolMessenger" */ = {
			isa = XCConfigurationList;
			buildConfigurations = (
				CC6A23AD29A4B75C0094F8AC /* Debug */,
				CC6A23AE29A4B75C0094F8AC /* Release */,
			);
			defaultConfigurationIsVisible = 0;
			defaultConfigurationName = Release;
		};
/* End XCConfigurationList section */
	};
	rootObject = CC6A239029A4B75B0094F8AC /* Project object */;
}
